
Microsoft Visual Studio Solution File, Format Version 12.00
# Visual Studio 15
VisualStudioVersion = 15.0.27428.2015
MinimumVisualStudioVersion = 10.0.40219.1
Project("{FAE04EC0-301F-11D3-BF4B-00C04F79EFBC}") = "MyContactPage", "MyContactPage\MyContactPage.csproj", "{B13E26C3-7E74-4A94-A060-EEC8ED85951F}"
EndProject
Global
	GlobalSection(SolutionConfigurationPlatforms) = preSolution
		Debug|Any CPU = Debug|Any CPU
		Release|Any CPU = Release|Any CPU
	EndGlobalSection
	GlobalSection(ProjectConfigurationPlatforms) = postSolution
		{B13E26C3-7E74-4A94-A060-EEC8ED85951F}.Debug|Any CPU.ActiveCfg = Debug|Any CPU
		{B13E26C3-7E74-4A94-A060-EEC8ED85951F}.Debug|Any CPU.Build.0 = Debug|Any CPU
		{B13E26C3-7E74-4A94-A060-EEC8ED85951F}.Release|Any CPU.ActiveCfg = Release|Any CPU
		{B13E26C3-7E74-4A94-A060-EEC8ED85951F}.Release|Any CPU.Build.0 = Release|Any CPU
	EndGlobalSection
	GlobalSection(SolutionProperties) = preSolution
		HideSolutionNode = FALSE
	EndGlobalSection
	GlobalSection(ExtensibilityGlobals) = postSolution
		SolutionGuid = {A7298C3F-7823-419C-8136-5C428C32B36C}
	EndGlobalSection
EndGlobal
